// !$*UTF8*$!
{
	archiveVersion = 1;
	classes = {
	};
	objectVersion = 50;
	objects = {

/* Begin PBXBuildFile section */
		C50BFB0623A1FA7700908A2C /* AppDelegate.swift in Sources */ = {isa = PBXBuildFile; fileRef = C50BFB0523A1FA7700908A2C /* AppDelegate.swift */; };
		C50BFB0823A1FA7700908A2C /* ViewController.swift in Sources */ = {isa = PBXBuildFile; fileRef = C50BFB0723A1FA7700908A2C /* ViewController.swift */; };
		C50BFB0B23A1FA7700908A2C /* Main.storyboard in Resources */ = {isa = PBXBuildFile; fileRef = C50BFB0923A1FA7700908A2C /* Main.storyboard */; };
		C50BFB0E23A1FA7700908A2C /* Tic_Tac_Toe.xcdatamodeld in Sources */ = {isa = PBXBuildFile; fileRef = C50BFB0C23A1FA7700908A2C /* Tic_Tac_Toe.xcdatamodeld */; };
		C50BFB1023A1FA7800908A2C /* Assets.xcassets in Resources */ = {isa = PBXBuildFile; fileRef = C50BFB0F23A1FA7800908A2C /* Assets.xcassets */; };
		C50BFB1323A1FA7800908A2C /* LaunchScreen.storyboard in Resources */ = {isa = PBXBuildFile; fileRef = C50BFB1123A1FA7800908A2C /* LaunchScreen.storyboard */; };
		C50BFB2123A1FC1900908A2C /* Board.png in Resources */ = {isa = PBXBuildFile; fileRef = C50BFB2023A1FC1900908A2C /* Board.png */; };
		C50BFB2323A1FC3A00908A2C /* Cross.png in Resources */ = {isa = PBXBuildFile; fileRef = C50BFB2223A1FC3A00908A2C /* Cross.png */; };
		C50BFB2523A1FC4200908A2C /* Nought.png in Resources */ = {isa = PBXBuildFile; fileRef = C50BFB2423A1FC4200908A2C /* Nought.png */; };
/* End PBXBuildFile section */

/* Begin PBXFileReference section */
		C50BFB0223A1FA7700908A2C /* Tic Tac Toe.app */ = {isa = PBXFileReference; explicitFileType = wrapper.application; includeInIndex = 0; path = "Tic Tac Toe.app"; sourceTree = BUILT_PRODUCTS_DIR; };
		C50BFB0523A1FA7700908A2C /* AppDelegate.swift */ = {isa = PBXFileReference; lastKnownFileType = sourcecode.swift; path = AppDelegate.swift; sourceTree = "<group>"; };
		C50BFB0723A1FA7700908A2C /* ViewController.swift */ = {isa = PBXFileReference; lastKnownFileType = sourcecode.swift; path = ViewController.swift; sourceTree = "<group>"; };
		C50BFB0A23A1FA7700908A2C /* Base */ = {isa = PBXFileReference; lastKnownFileType = file.storyboard; name = Base; path = Base.lproj/Main.storyboard; sourceTree = "<group>"; };
		C50BFB0D23A1FA7700908A2C /* Tic_Tac_Toe.xcdatamodel */ = {isa = PBXFileReference; lastKnownFileType = wrapper.xcdatamodel; path = Tic_Tac_Toe.xcdatamodel; sourceTree = "<group>"; };
		C50BFB0F23A1FA7800908A2C /* Assets.xcassets */ = {isa = PBXFileReference; lastKnownFileType = folder.assetcatalog; path = Assets.xcassets; sourceTree = "<group>"; };
		C50BFB1223A1FA7800908A2C /* Base */ = {isa = PBXFileReference; lastKnownFileType = file.storyboard; name = Base; path = Base.lproj/LaunchScreen.storyboard; sourceTree = "<group>"; };
		C50BFB1423A1FA7800908A2C /* Info.plist */ = {isa = PBXFileReference; lastKnownFileType = text.plist.xml; path = Info.plist; sourceTree = "<group>"; };
		C50BFB2023A1FC1900908A2C /* Board.png */ = {isa = PBXFileReference; lastKnownFileType = image.png; name = Board.png; path = "../../../../Downloads/Tic Tac Toe-2/Board.png"; sourceTree = "<group>"; };
		C50BFB2223A1FC3A00908A2C /* Cross.png */ = {isa = PBXFileReference; lastKnownFileType = image.png; name = Cross.png; path = "../../../../Downloads/Tic Tac Toe-2/Cross.png"; sourceTree = "<group>"; };
		C50BFB2423A1FC4200908A2C /* Nought.png */ = {isa = PBXFileReference; lastKnownFileType = image.png; name = Nought.png; path = "../../../../Downloads/Tic Tac Toe-2/Nought.png"; sourceTree = "<group>"; };
/* End PBXFileReference section */

/* Begin PBXFrameworksBuildPhase section */
		C50BFAFF23A1FA7700908A2C /* Frameworks */ = {
			isa = PBXFrameworksBuildPhase;
			buildActionMask = 2147483647;
			files = (
			);
			runOnlyForDeploymentPostprocessing = 0;
		};
/* End PBXFrameworksBuildPhase section */

/* Begin PBXGroup section */
		C50BFAF923A1FA7700908A2C = {
			isa = PBXGroup;
			children = (
				C50BFB0423A1FA7700908A2C /* Tic Tac Toe */,
				C50BFB0323A1FA7700908A2C /* Products */,
			);
			sourceTree = "<group>";
		};
		C50BFB0323A1FA7700908A2C /* Products */ = {
			isa = PBXGroup;
			children = (
				C50BFB0223A1FA7700908A2C /* Tic Tac Toe.app */,
			);
			name = Products;
			sourceTree = "<group>";
		};
		C50BFB0423A1FA7700908A2C /* Tic Tac Toe */ = {
			isa = PBXGroup;
			children = (
				C50BFB0523A1FA7700908A2C /* AppDelegate.swift */,
				C50BFB0723A1FA7700908A2C /* ViewController.swift */,
				C50BFB0923A1FA7700908A2C /* Main.storyboard */,
				C50BFB0F23A1FA7800908A2C /* Assets.xcassets */,
				C50BFB1123A1FA7800908A2C /* LaunchScreen.storyboard */,
				C50BFB2023A1FC1900908A2C /* Board.png */,
				C50BFB2423A1FC4200908A2C /* Nought.png */,
				C50BFB2223A1FC3A00908A2C /* Cross.png */,
				C50BFB1423A1FA7800908A2C /* Info.plist */,
				C50BFB0C23A1FA7700908A2C /* Tic_Tac_Toe.xcdatamodeld */,
			);
			path = "Tic Tac Toe";
			sourceTree = "<group>";
		};
/* End PBXGroup section */

/* Begin PBXNativeTarget section */
		C50BFB0123A1FA7700908A2C /* Tic Tac Toe */ = {
			isa = PBXNativeTarget;
			buildConfigurationList = C50BFB1723A1FA7800908A2C /* Build configuration list for PBXNativeTarget "Tic Tac Toe" */;
			buildPhases = (
				C50BFAFE23A1FA7700908A2C /* Sources */,
				C50BFAFF23A1FA7700908A2C /* Frameworks */,
				C50BFB0023A1FA7700908A2C /* Resources */,
			);
			buildRules = (
			);
			dependencies = (
			);
			name = "Tic Tac Toe";
			productName = "Tic Tac Toe";
			productReference = C50BFB0223A1FA7700908A2C /* Tic Tac Toe.app */;
			productType = "com.apple.product-type.application";
		};
/* End PBXNativeTarget section */

/* Begin PBXProject section */
		C50BFAFA23A1FA7700908A2C /* Project object */ = {
			isa = PBXProject;
			attributes = {
				LastSwiftUpdateCheck = 1020;
				LastUpgradeCheck = 1020;
				ORGANIZATIONNAME = "Henry Meier";
				TargetAttributes = {
					C50BFB0123A1FA7700908A2C = {
						CreatedOnToolsVersion = 10.2.1;
					};
				};
			};
			buildConfigurationList = C50BFAFD23A1FA7700908A2C /* Build configuration list for PBXProject "Tic Tac Toe" */;
			compatibilityVersion = "Xcode 9.3";
			developmentRegion = en;
			hasScannedForEncodings = 0;
			knownRegions = (
				en,
				Base,
			);
			mainGroup = C50BFAF923A1FA7700908A2C;
			productRefGroup = C50BFB0323A1FA7700908A2C /* Products */;
			projectDirPath = "";
			projectRoot = "";
			targets = (
				C50BFB0123A1FA7700908A2C /* Tic Tac Toe */,
			);
		};
/* End PBXProject section */

/* Begin PBXResourcesBuildPhase section */
		C50BFB0023A1FA7700908A2C /* Resources */ = {
			isa = PBXResourcesBuildPhase;
			buildActionMask = 2147483647;
			files = (
				C50BFB2523A1FC4200908A2C /* Nought.png in Resources */,
				C50BFB2123A1FC1900908A2C /* Board.png in Resources */,
				C50BFB1323A1FA7800908A2C /* LaunchScreen.storyboard in Resources */,
				C50BFB2323A1FC3A00908A2C /* Cross.png in Resources */,
				C50BFB1023A1FA7800908A2C /* Assets.xcassets in Resources */,
				C50BFB0B23A1FA7700908A2C /* Main.storyboard in Resources */,
			);
			runOnlyForDeploymentPostprocessing = 0;
		};
/* End PBXResourcesBuildPhase section */

/* Begin PBXSourcesBuildPhase section */
		C50BFAFE23A1FA7700908A2C /* Sources */ = {
			isa = PBXSourcesBuildPhase;
			buildActionMask = 2147483647;
			files = (
				C50BFB0E23A1FA7700908A2C /* Tic_Tac_Toe.xcdatamodeld in Sources */,
				C50BFB0823A1FA7700908A2C /* ViewController.swift in Sources */,
				C50BFB0623A1FA7700908A2C /* AppDelegate.swift in Sources */,
			);
			runOnlyForDeploymentPostprocessing = 0;
		};
/* End PBXSourcesBuildPhase section */

/* Begin PBXVariantGroup section */
		C50BFB0923A1FA7700908A2C /* Main.storyboard */ = {
			isa = PBXVariantGroup;
			children = (
				C50BFB0A23A1FA7700908A2C /* Base */,
			);
			name = Main.storyboard;
			sourceTree = "<group>";
		};
		C50BFB1123A1FA7800908A2C /* LaunchScreen.storyboard */ = {
			isa = PBXVariantGroup;
			children = (
				C50BFB1223A1FA7800908A2C /* Base */,
			);
			name = LaunchScreen.storyboard;
			sourceTree = "<group>";
		};
/* End PBXVariantGroup section */

/* Begin XCBuildConfiguration section */
		C50BFB1523A1FA7800908A2C /* Debug */ = {
			isa = XCBuildConfiguration;
			buildSettings = {
				ALWAYS_SEARCH_USER_PATHS = NO;
				CLANG_ANALYZER_NONNULL = YES;
				CLANG_ANALYZER_NUMBER_OBJECT_CONVERSION = YES_AGGRESSIVE;
				CLANG_CXX_LANGUAGE_STANDARD = "gnu++14";
				CLANG_CXX_LIBRARY = "libc++";
				CLANG_ENABLE_MODULES = YES;
				CLANG_ENABLE_OBJC_ARC = YES;
				CLANG_ENABLE_OBJC_WEAK = YES;
				CLANG_WARN_BLOCK_CAPTURE_AUTORELEASING = YES;
				CLANG_WARN_BOOL_CONVERSION = YES;
				CLANG_WARN_COMMA = YES;
				CLANG_WARN_CONSTANT_CONVERSION = YES;
				CLANG_WARN_DEPRECATED_OBJC_IMPLEMENTATIONS = YES;
				CLANG_WARN_DIRECT_OBJC_ISA_USAGE = YES_ERROR;
				CLANG_WARN_DOCUMENTATION_COMMENTS = YES;
				CLANG_WARN_EMPTY_BODY = YES;
				CLANG_WARN_ENUM_CONVERSION = YES;
				CLANG_WARN_INFINITE_RECURSION = YES;
				CLANG_WARN_INT_CONVERSION = YES;
				CLANG_WARN_NON_LITERAL_NULL_CONVERSION = YES;
				CLANG_WARN_OBJC_IMPLICIT_RETAIN_SELF = YES;
				CLANG_WARN_OBJC_LITERAL_CONVERSION = YES;
				CLANG_WARN_OBJC_ROOT_CLASS = YES_ERROR;
				CLANG_WARN_RANGE_LOOP_ANALYSIS = YES;
				CLANG_WARN_STRICT_PROTOTYPES = YES;
				CLANG_WARN_SUSPICIOUS_MOVE = YES;
				CLANG_WARN_UNGUARDED_AVAILABILITY = YES_AGGRESSIVE;
				CLANG_WARN_UNREACHABLE_CODE = YES;
				CLANG_WARN__DUPLICATE_METHOD_MATCH = YES;
				CODE_SIGN_IDENTITY = "iPhone Developer";
				COPY_PHASE_STRIP = NO;
				DEBUG_INFORMATION_FORMAT = dwarf;
				ENABLE_STRICT_OBJC_MSGSEND = YES;
				ENABLE_TESTABILITY = YES;
				GCC_C_LANGUAGE_STANDARD = gnu11;
				GCC_DYNAMIC_NO_PIC = NO;
				GCC_NO_COMMON_BLOCKS = YES;
				GCC_OPTIMIZATION_LEVEL = 0;
				GCC_PREPROCESSOR_DEFINITIONS = (
					"DEBUG=1",
					"$(inherited)",
				);
				GCC_WARN_64_TO_32_BIT_CONVERSION = YES;
				GCC_WARN_ABOUT_RETURN_TYPE = YES_ERROR;
				GCC_WARN_UNDECLARED_SELECTOR = YES;
				GCC_WARN_UNINITIALIZED_AUTOS = YES_AGGRESSIVE;
				GCC_WARN_UNUSED_FUNCTION = YES;
				GCC_WARN_UNUSED_VARIABLE = YES;
				IPHONEOS_DEPLOYMENT_TARGET = 12.2;
				MTL_ENABLE_DEBUG_INFO = INCLUDE_SOURCE;
				MTL_FAST_MATH = YES;
				ONLY_ACTIVE_ARCH = YES;
				SDKROOT = iphoneos;
				SWIFT_ACTIVE_COMPILATION_CONDITIONS = DEBUG;
				SWIFT_OPTIMIZATION_LEVEL = "-Onone";
			};
			name = Debug;
		};
		C50BFB1623A1FA7800908A2C /* Release */ = {
			isa = XCBuildConfiguration;
			buildSettings = {
				ALWAYS_SEARCH_USER_PATHS = NO;
				CLANG_ANALYZER_NONNULL = YES;
				CLANG_ANALYZER_NUMBER_OBJECT_CONVERSION = YES_AGGRESSIVE;
				CLANG_CXX_LANGUAGE_STANDARD = "gnu++14";
				CLANG_CXX_LIBRARY = "libc++";
				CLANG_ENABLE_MODULES = YES;
				CLANG_ENABLE_OBJC_ARC = YES;
				CLANG_ENABLE_OBJC_WEAK = YES;
				CLANG_WARN_BLOCK_CAPTURE_AUTORELEASING = YES;
				CLANG_WARN_BOOL_CONVERSION = YES;
				CLANG_WARN_COMMA = YES;
				CLANG_WARN_CONSTANT_CONVERSION = YES;
				CLANG_WARN_DEPRECATED_OBJC_IMPLEMENTATIONS = YES;
				CLANG_WARN_DIRECT_OBJC_ISA_USAGE = YES_ERROR;
				CLANG_WARN_DOCUMENTATION_COMMENTS = YES;
				CLANG_WARN_EMPTY_BODY = YES;
				CLANG_WARN_ENUM_CONVERSION = YES;
				CLANG_WARN_INFINITE_RECURSION = YES;
				CLANG_WARN_INT_CONVERSION = YES;
				CLANG_WARN_NON_LITERAL_NULL_CONVERSION = YES;
				CLANG_WARN_OBJC_IMPLICIT_RETAIN_SELF = YES;
				CLANG_WARN_OBJC_LITERAL_CONVERSION = YES;
				CLANG_WARN_OBJC_ROOT_CLASS = YES_ERROR;
				CLANG_WARN_RANGE_LOOP_ANALYSIS = YES;
				CLANG_WARN_STRICT_PROTOTYPES = YES;
				CLANG_WARN_SUSPICIOUS_MOVE = YES;
				CLANG_WARN_UNGUARDED_AVAILABILITY = YES_AGGRESSIVE;
				CLANG_WARN_UNREACHABLE_CODE = YES;
				CLANG_WARN__DUPLICATE_METHOD_MATCH = YES;
				CODE_SIGN_IDENTITY = "iPhone Developer";
				COPY_PHASE_STRIP = NO;
				DEBUG_INFORMATION_FORMAT = "dwarf-with-dsym";
				ENABLE_NS_ASSERTIONS = NO;
				ENABLE_STRICT_OBJC_MSGSEND = YES;
				GCC_C_LANGUAGE_STANDARD = gnu11;
				GCC_NO_COMMON_BLOCKS = YES;
				GCC_WARN_64_TO_32_BIT_CONVERSION = YES;
				GCC_WARN_ABOUT_RETURN_TYPE = YES_ERROR;
				GCC_WARN_UNDECLARED_SELECTOR = YES;
				GCC_WARN_UNINITIALIZED_AUTOS = YES_AGGRESSIVE;
				GCC_WARN_UNUSED_FUNCTION = YES;
				GCC_WARN_UNUSED_VARIABLE = YES;
				IPHONEOS_DEPLOYMENT_TARGET = 12.2;
				MTL_ENABLE_DEBUG_INFO = NO;
				MTL_FAST_MATH = YES;
				SDKROOT = iphoneos;
				SWIFT_COMPILATION_MODE = wholemodule;
				SWIFT_OPTIMIZATION_LEVEL = "-O";
				VALIDATE_PRODUCT = YES;
			};
			name = Release;
		};
		C50BFB1823A1FA7800908A2C /* Debug */ = {
			isa = XCBuildConfiguration;
			buildSettings = {
				ASSETCATALOG_COMPILER_APPICON_NAME = AppIcon;
				CODE_SIGN_STYLE = Automatic;
				DEVELOPMENT_TEAM = J22CRZW74R;
				INFOPLIST_FILE = "Tic Tac Toe/Info.plist";
				LD_RUNPATH_SEARCH_PATHS = (
					"$(inherited)",
					"@executable_path/Frameworks",
				);
				PRODUCT_BUNDLE_IDENTIFIER = "meierventures.Tic-Tac-Toe";
				PRODUCT_NAME = "$(TARGET_NAME)";
				SWIFT_VERSION = 5.0;
				TARGETED_DEVICE_FAMILY = "1,2";
			};
			name = Debug;
		};
		C50BFB1923A1FA7800908A2C /* Release */ = {
			isa = XCBuildConfiguration;
			buildSettings = {
				ASSETCATALOG_COMPILER_APPICON_NAME = AppIcon;
				CODE_SIGN_STYLE = Automatic;
				DEVELOPMENT_TEAM = J22CRZW74R;
				INFOPLIST_FILE = "Tic Tac Toe/Info.plist";
				LD_RUNPATH_SEARCH_PATHS = (
					"$(inherited)",
					"@executable_path/Frameworks",
				);
				PRODUCT_BUNDLE_IDENTIFIER = "meierventures.Tic-Tac-Toe";
				PRODUCT_NAME = "$(TARGET_NAME)";
				SWIFT_VERSION = 5.0;
				TARGETED_DEVICE_FAMILY = "1,2";
			};
			name = Release;
		};
/* End XCBuildConfiguration section */

/* Begin XCConfigurationList section */
		C50BFAFD23A1FA7700908A2C /* Build configuration list for PBXProject "Tic Tac Toe" */ = {
			isa = XCConfigurationList;
			buildConfigurations = (
				C50BFB1523A1FA7800908A2C /* Debug */,
				C50BFB1623A1FA7800908A2C /* Release */,
			);
			defaultConfigurationIsVisible = 0;
			defaultConfigurationName = Release;
		};
		C50BFB1723A1FA7800908A2C /* Build configuration list for PBXNativeTarget "Tic Tac Toe" */ = {
			isa = XCConfigurationList;
			buildConfigurations = (
				C50BFB1823A1FA7800908A2C /* Debug */,
				C50BFB1923A1FA7800908A2C /* Release */,
			);
			defaultConfigurationIsVisible = 0;
			defaultConfigurationName = Release;
		};
/* End XCConfigurationList section */

/* Begin XCVersionGroup section */
		C50BFB0C23A1FA7700908A2C /* Tic_Tac_Toe.xcdatamodeld */ = {
			isa = XCVersionGroup;
			children = (
				C50BFB0D23A1FA7700908A2C /* Tic_Tac_Toe.xcdatamodel */,
			);
			currentVersion = C50BFB0D23A1FA7700908A2C /* Tic_Tac_Toe.xcdatamodel */;
			path = Tic_Tac_Toe.xcdatamodeld;
			sourceTree = "<group>";
			versionGroupType = wrapper.xcdatamodel;
		};
/* End XCVersionGroup section */
	};
	rootObject = C50BFAFA23A1FA7700908A2C /* Project object */;
}
